
Microsoft Visual Studio Solution File, Format Version 12.00
# Visual Studio Version 17
VisualStudioVersion = 17.7.34003.232
MinimumVisualStudioVersion = 10.0.40219.1
Project("{8BC9CEB8-8B4A-11D0-8D11-00A0C91BC942}") = "Legacy Fantasy", "Legacy Fantasy.vcxproj", "{E092A74C-B8BD-47F9-82D2-21A9652010B0}"
EndProject
Global
	GlobalSection(SolutionConfigurationPlatforms) = preSolution
		Debug|x64 = Debug|x64
		Debug|x86 = Debug|x86
		Release|x64 = Release|x64
		Release|x86 = Release|x86
	EndGlobalSection
	GlobalSection(ProjectConfigurationPlatforms) = postSolution
		{E092A74C-B8BD-47F9-82D2-21A9652010B0}.Debug|x64.ActiveCfg = Debug|x64
		{E092A74C-B8BD-47F9-82D2-21A9652010B0}.Debug|x64.Build.0 = Debug|x64
		{E092A74C-B8BD-47F9-82D2-21A9652010B0}.Debug|x86.ActiveCfg = Debug|Win32
		{E092A74C-B8BD-47F9-82D2-21A9652010B0}.Debug|x86.Build.0 = Debug|Win32
		{E092A74C-B8BD-47F9-82D2-21A9652010B0}.Release|x64.ActiveCfg = Release|x64
		{E092A74C-B8BD-47F9-82D2-21A9652010B0}.Release|x64.Build.0 = Release|x64
		{E092A74C-B8BD-47F9-82D2-21A9652010B0}.Release|x86.ActiveCfg = Release|Win32
		{E092A74C-B8BD-47F9-82D2-21A9652010B0}.Release|x86.Build.0 = Release|Win32
	EndGlobalSection
	GlobalSection(SolutionProperties) = preSolution
		HideSolutionNode = FALSE
	EndGlobalSection
	GlobalSection(ExtensibilityGlobals) = postSolution
		SolutionGuid = {DBD39418-5C11-47EF-BCED-933FDC69C5DD}
	EndGlobalSection
EndGlobal
